
Microsoft Visual Studio Solution File, Format Version 12.00
# Visual Studio Version 16
VisualStudioVersion = 16.0.28917.181
MinimumVisualStudioVersion = 10.0.40219.1
Project("{9A19103F-16F7-4668-BE54-9A1E7A4F7556}") = "TrackDaNutzz", "TrackDaNutzz\TrackDaNutzz.csproj", "{3121C150-A0A7-4C35-8523-293285945E80}"
EndProject
Project("{9A19103F-16F7-4668-BE54-9A1E7A4F7556}") = "TrackDaNutzz.Data", "TrackDaNutzz.Data\TrackDaNutzz.Data.csproj", "{FBDEF88D-30A2-4C25-92A2-45A5CB5F1435}"
EndProject
Project("{9A19103F-16F7-4668-BE54-9A1E7A4F7556}") = "TrackDaNutzz.Services", "TrackDaNutzz.Services\TrackDaNutzz.Services.csproj", "{D93B5B47-A8D9-4189-8008-3EA568B3199D}"
EndProject
Project("{9A19103F-16F7-4668-BE54-9A1E7A4F7556}") = "TrackDaNutzz.Tests", "TrackDaNutzz.Tests\TrackDaNutzz.Tests.csproj", "{B7D5801B-5545-4005-9B2C-A6C108841D06}"
EndProject
Global
	GlobalSection(SolutionConfigurationPlatforms) = preSolution
		Debug|Any CPU = Debug|Any CPU
		Release|Any CPU = Release|Any CPU
	EndGlobalSection
	GlobalSection(ProjectConfigurationPlatforms) = postSolution
		{3121C150-A0A7-4C35-8523-293285945E80}.Debug|Any CPU.ActiveCfg = Debug|Any CPU
		{3121C150-A0A7-4C35-8523-293285945E80}.Debug|Any CPU.Build.0 = Debug|Any CPU
		{3121C150-A0A7-4C35-8523-293285945E80}.Release|Any CPU.ActiveCfg = Release|Any CPU
		{3121C150-A0A7-4C35-8523-293285945E80}.Release|Any CPU.Build.0 = Release|Any CPU
		{FBDEF88D-30A2-4C25-92A2-45A5CB5F1435}.Debug|Any CPU.ActiveCfg = Debug|Any CPU
		{FBDEF88D-30A2-4C25-92A2-45A5CB5F1435}.Debug|Any CPU.Build.0 = Debug|Any CPU
		{FBDEF88D-30A2-4C25-92A2-45A5CB5F1435}.Release|Any CPU.ActiveCfg = Release|Any CPU
		{FBDEF88D-30A2-4C25-92A2-45A5CB5F1435}.Release|Any CPU.Build.0 = Release|Any CPU
		{D93B5B47-A8D9-4189-8008-3EA568B3199D}.Debug|Any CPU.ActiveCfg = Debug|Any CPU
		{D93B5B47-A8D9-4189-8008-3EA568B3199D}.Debug|Any CPU.Build.0 = Debug|Any CPU
		{D93B5B47-A8D9-4189-8008-3EA568B3199D}.Release|Any CPU.ActiveCfg = Release|Any CPU
		{D93B5B47-A8D9-4189-8008-3EA568B3199D}.Release|Any CPU.Build.0 = Release|Any CPU
		{B7D5801B-5545-4005-9B2C-A6C108841D06}.Debug|Any CPU.ActiveCfg = Debug|Any CPU
		{B7D5801B-5545-4005-9B2C-A6C108841D06}.Debug|Any CPU.Build.0 = Debug|Any CPU
		{B7D5801B-5545-4005-9B2C-A6C108841D06}.Release|Any CPU.ActiveCfg = Release|Any CPU
		{B7D5801B-5545-4005-9B2C-A6C108841D06}.Release|Any CPU.Build.0 = Release|Any CPU
	EndGlobalSection
	GlobalSection(SolutionProperties) = preSolution
		HideSolutionNode = FALSE
	EndGlobalSection
	GlobalSection(ExtensibilityGlobals) = postSolution
		SolutionGuid = {6158FA85-1B1B-4353-BDB9-85757D790D8B}
	EndGlobalSection
EndGlobal
